{
  "object": {
    "pins": [
      {
        "package": "SwiftPawn",
        "repositoryURL": "https://github.com/hanjoes/swift-pawn",
        "state": {
          "branch": null,
          "revision": "38266bd4d41096a9a60ac6803c1473d4b6e1c23d",
          "version": "1.0.4"
        }
      }
    ]
  },
  "version": 1
}
