{
  "object": {
    "pins": [
      {
        "package": "SwiftPawn",
        "repositoryURL": "https://github.com/hanjoes/swift-pawn",
        "state": {
          "branch": null,
          "revision": "a12563a4c575c5d080cd3673cb1bc09bfe8ca104",
          "version": "1.0.0"
        }
      }
    ]
  },
  "version": 1
}
